<?xml version="1.0" encoding="utf-8"?>
<Project ToolsVersion="4.0" xmlns="http://schemas.microsoft.com/developer/msbuild/2003">
  <ItemGroup>
    <Filter Include="Source Files">
      <UniqueIdentifier>{4FC737F1-C7A5-4376-A066-2A32D752A2FF}</UniqueIdentifier>
      <Extensions>cpp;c;cc;cxx;def;odl;idl;hpj;bat;asm;asmx</Extensions>
    </Filter>
    <Filter Include="Header Files">
      <UniqueIdentifier>{93995380-89BD-4b04-88EB-625FBE52EBFB}</UniqueIdentifier>
      <Extensions>h;hh;hpp;hxx;hm;inl;inc;xsd</Extensions>
    </Filter>
    <Filter Include="Resource Files">
      <UniqueIdentifier>{67DA6AB6-F800-4c08-8B7A-83BB121AAD01}</UniqueIdentifier>
      <Extensions>rc;ico;cur;bmp;dlg;rc2;rct;bin;rgs;gif;jpg;jpeg;jpe;resx;tiff;tif;png;wav</Extensions>
    </Filter>
    <Filter Include="Header Files\finger">
      <UniqueIdentifier>{ba43084b-e1c2-4431-a715-49d9ca044999}</UniqueIdentifier>
    </Filter>
    <Filter Include="Header Files\nbis">
      <UniqueIdentifier>{7c68b3f2-64a8-451d-8f4c-24592a760fce}</UniqueIdentifier>
    </Filter>
  </ItemGroup>
  <ItemGroup>
    <Text Include="..\readme.txt" />
    <Text Include="..\CMakeLists.txt" />
    <Text Include="..\src\CMakeLists.txt">
      <Filter>Source Files</Filter>
    </Text>
    <Text Include="..\src\db.txt">
      <Filter>Source Files</Filter>
    </Text>
  </ItemGroup>
  <ItemGroup>
    <ClInclude Include="..\src\finger\fp_internal.h">
      <Filter>Header Files\finger</Filter>
    </ClInclude>
    <ClInclude Include="..\src\finger\libfprint.h">
      <Filter>Header Files\finger</Filter>
    </ClInclude>
    <ClInclude Include="..\src\AbisRest.h">
      <Filter>Header Files</Filter>
    </ClInclude>
    <ClInclude Include="..\src\biocard.h">
      <Filter>Header Files</Filter>
    </ClInclude>
    <ClInclude Include="..\src\ebsclient.h">
      <Filter>Header Files</Filter>
    </ClInclude>
    <ClInclude Include="..\src\fplibclient.h">
      <Filter>Header Files</Filter>
    </ClInclude>
    <ClInclude Include="..\src\imgutils.h">
      <Filter>Header Files</Filter>
    </ClInclude>
    <ClInclude Include="..\src\rest_biocard.h">
      <Filter>Header Files</Filter>
    </ClInclude>
    <ClInclude Include="..\src\rest_compare.h">
      <Filter>Header Files</Filter>
    </ClInclude>
    <ClInclude Include="..\src\rest_echo.h">
      <Filter>Header Files</Filter>
    </ClInclude>
    <ClInclude Include="..\src\rest_extract.h">
      <Filter>Header Files</Filter>
    </ClInclude>
    <ClInclude Include="..\src\rest_search.h">
      <Filter>Header Files</Filter>
    </ClInclude>
    <ClInclude Include="..\src\rest_verify.h">
      <Filter>Header Files</Filter>
    </ClInclude>
    <ClInclude Include="..\src\restutils.h">
      <Filter>Header Files</Filter>
    </ClInclude>
    <ClInclude Include="..\src\dbclient.h">
      <Filter>Header Files</Filter>
    </ClInclude>
    <ClInclude Include="..\nbis\include\computil.h">
      <Filter>Header Files\nbis</Filter>
    </ClInclude>
    <ClInclude Include="..\nbis\include\dataio.h">
      <Filter>Header Files\nbis</Filter>
    </ClInclude>
    <ClInclude Include="..\nbis\include\defs.h">
      <Filter>Header Files\nbis</Filter>
    </ClInclude>
    <ClInclude Include="..\nbis\include\fet.h">
      <Filter>Header Files\nbis</Filter>
    </ClInclude>
    <ClInclude Include="..\nbis\include\ihead.h">
      <Filter>Header Files\nbis</Filter>
    </ClInclude>
    <ClInclude Include="..\nbis\include\ioutil.h">
      <Filter>Header Files\nbis</Filter>
    </ClInclude>
    <ClInclude Include="..\nbis\include\jpegl.h">
      <Filter>Header Files\nbis</Filter>
    </ClInclude>
    <ClInclude Include="..\nbis\include\jpeglsd4.h">
      <Filter>Header Files\nbis</Filter>
    </ClInclude>
    <ClInclude Include="..\nbis\include\nistcom.h">
      <Filter>Header Files\nbis</Filter>
    </ClInclude>
    <ClInclude Include="..\nbis\include\swap.h">
      <Filter>Header Files\nbis</Filter>
    </ClInclude>
    <ClInclude Include="..\nbis\include\usebsd.h">
      <Filter>Header Files\nbis</Filter>
    </ClInclude>
    <ClInclude Include="..\nbis\include\util.h">
      <Filter>Header Files\nbis</Filter>
    </ClInclude>
    <ClInclude Include="..\nbis\include\wsq.h">
      <Filter>Header Files\nbis</Filter>
    </ClInclude>
  </ItemGroup>
  <ItemGroup>
    <ClCompile Include="..\src\biocard.cpp">
      <Filter>Source Files</Filter>
    </ClCompile>
    <ClCompile Include="..\src\ebsclient.cpp">
      <Filter>Source Files</Filter>
    </ClCompile>
    <ClCompile Include="..\src\fplibclient.cpp">
      <Filter>Source Files</Filter>
    </ClCompile>
    <ClCompile Include="..\src\imgutils.cpp">
      <Filter>Source Files</Filter>
    </ClCompile>
    <ClCompile Include="..\src\main.cpp">
      <Filter>Source Files</Filter>
    </ClCompile>
    <ClCompile Include="..\src\rest_biocard.cpp">
      <Filter>Source Files</Filter>
    </ClCompile>
    <ClCompile Include="..\src\rest_compare.cpp">
      <Filter>Source Files</Filter>
    </ClCompile>
    <ClCompile Include="..\src\rest_echo.cpp">
      <Filter>Source Files</Filter>
    </ClCompile>
    <ClCompile Include="..\src\rest_extract.cpp">
      <Filter>Source Files</Filter>
    </ClCompile>
    <ClCompile Include="..\src\rest_search.cpp">
      <Filter>Source Files</Filter>
    </ClCompile>
    <ClCompile Include="..\src\rest_verify.cpp">
      <Filter>Source Files</Filter>
    </ClCompile>
    <ClCompile Include="..\src\restutils.cpp">
      <Filter>Source Files</Filter>
    </ClCompile>
    <ClCompile Include="..\src\dbclient.cpp">
      <Filter>Source Files</Filter>
    </ClCompile>
    <ClCompile Include="..\src\config.cpp">
      <Filter>Source Files</Filter>
    </ClCompile>
  </ItemGroup>
</Project>